
Microsoft Visual Studio Solution File, Format Version 12.00
# Visual Studio Version 17
VisualStudioVersion = 17.10.34825.169
MinimumVisualStudioVersion = 10.0.40219.1
Project("{FAE04EC0-301F-11D3-BF4B-00C04F79EFBC}") = "CartService", "CartService.csproj", "{CEEA4673-4443-481C-8759-6281CD26C12C}"
EndProject
Global
	GlobalSection(SolutionConfigurationPlatforms) = preSolution
		Debug|Any CPU = Debug|Any CPU
		Release|Any CPU = Release|Any CPU
	EndGlobalSection
	GlobalSection(ProjectConfigurationPlatforms) = postSolution
		{CEEA4673-4443-481C-8759-6281CD26C12C}.Debug|Any CPU.ActiveCfg = Debug|Any CPU
		{CEEA4673-4443-481C-8759-6281CD26C12C}.Debug|Any CPU.Build.0 = Debug|Any CPU
		{CEEA4673-4443-481C-8759-6281CD26C12C}.Release|Any CPU.ActiveCfg = Release|Any CPU
		{CEEA4673-4443-481C-8759-6281CD26C12C}.Release|Any CPU.Build.0 = Release|Any CPU
	EndGlobalSection
	GlobalSection(SolutionProperties) = preSolution
		HideSolutionNode = FALSE
	EndGlobalSection
	GlobalSection(ExtensibilityGlobals) = postSolution
		SolutionGuid = {36EEB3E9-9C18-4465-9CD3-24235EF258E5}
	EndGlobalSection
EndGlobal
