
Microsoft Visual Studio Solution File, Format Version 12.00
# Visual Studio Version 17
VisualStudioVersion = 17.10.34825.169
MinimumVisualStudioVersion = 10.0.40219.1
Project("{FAE04EC0-301F-11D3-BF4B-00C04F79EFBC}") = "FavoriteService", "FavoriteService.csproj", "{1F3C3B76-2EF5-474A-8613-FA05B4CC3C5A}"
EndProject
Global
	GlobalSection(SolutionConfigurationPlatforms) = preSolution
		Debug|Any CPU = Debug|Any CPU
		Release|Any CPU = Release|Any CPU
	EndGlobalSection
	GlobalSection(ProjectConfigurationPlatforms) = postSolution
		{1F3C3B76-2EF5-474A-8613-FA05B4CC3C5A}.Debug|Any CPU.ActiveCfg = Debug|Any CPU
		{1F3C3B76-2EF5-474A-8613-FA05B4CC3C5A}.Debug|Any CPU.Build.0 = Debug|Any CPU
		{1F3C3B76-2EF5-474A-8613-FA05B4CC3C5A}.Release|Any CPU.ActiveCfg = Release|Any CPU
		{1F3C3B76-2EF5-474A-8613-FA05B4CC3C5A}.Release|Any CPU.Build.0 = Release|Any CPU
	EndGlobalSection
	GlobalSection(SolutionProperties) = preSolution
		HideSolutionNode = FALSE
	EndGlobalSection
	GlobalSection(ExtensibilityGlobals) = postSolution
		SolutionGuid = {B5AADC9C-0613-41E4-8A29-E421EB5682C8}
	EndGlobalSection
EndGlobal
